
Microsoft Visual Studio Solution File, Format Version 12.00
# Visual Studio Version 16
VisualStudioVersion = 16.0.30621.155
MinimumVisualStudioVersion = 10.0.40219.1
Project("{9A19103F-16F7-4668-BE54-9A1E7A4F7556}") = "ASC.Web", "ASC.Web.csproj", "{728EC059-38E6-4F0F-9C2F-1B394E6C244F}"
EndProject
Global
	GlobalSection(SolutionConfigurationPlatforms) = preSolution
		Debug|Any CPU = Debug|Any CPU
		Release|Any CPU = Release|Any CPU
	EndGlobalSection
	GlobalSection(ProjectConfigurationPlatforms) = postSolution
		{728EC059-38E6-4F0F-9C2F-1B394E6C244F}.Debug|Any CPU.ActiveCfg = Debug|Any CPU
		{728EC059-38E6-4F0F-9C2F-1B394E6C244F}.Debug|Any CPU.Build.0 = Debug|Any CPU
		{728EC059-38E6-4F0F-9C2F-1B394E6C244F}.Release|Any CPU.ActiveCfg = Release|Any CPU
		{728EC059-38E6-4F0F-9C2F-1B394E6C244F}.Release|Any CPU.Build.0 = Release|Any CPU
	EndGlobalSection
	GlobalSection(SolutionProperties) = preSolution
		HideSolutionNode = FALSE
	EndGlobalSection
	GlobalSection(ExtensibilityGlobals) = postSolution
		SolutionGuid = {89907CDC-0169-4C31-9F16-AF8FC1E623A1}
	EndGlobalSection
EndGlobal
